
Microsoft Visual Studio Solution File, Format Version 12.00
# Visual Studio 14
VisualStudioVersion = 14.0.24720.0
MinimumVisualStudioVersion = 10.0.40219.1
Project("{FAE04EC0-301F-11D3-BF4B-00C04F79EFBC}") = "Manga checker (WPF)", "Manga checker (WPF)\Manga checker (WPF).csproj", "{6CF1A28E-745A-46F3-A20D-A2D511EAE031}"
EndProject
Project("{FAE04EC0-301F-11D3-BF4B-00C04F79EFBC}") = "MC.Database", "MC.Database\MC.Database.csproj", "{95DC8EE0-4275-4144-9B05-6021E713197F}"
EndProject
Project("{FAE04EC0-301F-11D3-BF4B-00C04F79EFBC}") = "MC.Models", "MC.Models\MC.Models.csproj", "{D08460EE-B2EC-4E1E-8B95-FD1473A64265}"
EndProject
Project("{FAE04EC0-301F-11D3-BF4B-00C04F79EFBC}") = "MC.Tools", "MC.Tools\MC.Tools.csproj", "{08EF0DD1-020E-419A-8F9C-3C959A3C1631}"
EndProject
Project("{FAE04EC0-301F-11D3-BF4B-00C04F79EFBC}") = "MC.ViewModels", "MC.ViewModels\MC.ViewModels.csproj", "{0BD0DD70-9316-424C-9278-6E55B0BD1EFA}"
EndProject
Project("{2150E333-8FDC-42A3-9474-1A3956D46DE8}") = "Sites", "Sites", "{71D308C3-72F1-4FFF-AB69-718689A4B2AC}"
EndProject
Project("{FAE04EC0-301F-11D3-BF4B-00C04F79EFBC}") = "MC.BatotoRSS", "MC.BatotoRSS\MC.BatotoRSS.csproj", "{1AF747D9-A771-4B31-ADC4-87ED014BAA7A}"
EndProject
Project("{FAE04EC0-301F-11D3-BF4B-00C04F79EFBC}") = "MC.Mangastream", "MC.Mangastream\MC.Mangastream.csproj", "{AE1E2E2D-E4B0-4964-95F9-578A3091FA77}"
EndProject
Project("{FAE04EC0-301F-11D3-BF4B-00C04F79EFBC}") = "MC.Webtoons", "MC.Webtoons\MC.Webtoons.csproj", "{AB635AD2-3E17-4F4C-9A13-6869D0300FED}"
EndProject
Project("{FAE04EC0-301F-11D3-BF4B-00C04F79EFBC}") = "MC.Mangareader", "MC.Mangareader\MC.Mangareader.csproj", "{F3AB6804-37C1-4618-B337-2C3BDB404846}"
EndProject
Project("{FAE04EC0-301F-11D3-BF4B-00C04F79EFBC}") = "MC.Yomanga", "MC.Yomanga\MC.Yomanga.csproj", "{D4C90895-3FCB-4C29-A2AC-40CE26C6DAD2}"
EndProject
Project("{FAE04EC0-301F-11D3-BF4B-00C04F79EFBC}") = "MC.Mangafox", "MC.Mangafox\MC.Mangafox.csproj", "{524BFF2B-5953-4A9A-9822-8F295DE9786A}"
EndProject
Project("{FAE04EC0-301F-11D3-BF4B-00C04F79EFBC}") = "MC.Mangahere", "MC.Mangahere\MC.Mangahere.csproj", "{0644569B-BA46-48B3-99BF-B2E6BB2E83E3}"
EndProject
Project("{FAE04EC0-301F-11D3-BF4B-00C04F79EFBC}") = "MC.Threads", "MC.Threads\MC.Threads.csproj", "{6BB0908F-6475-4D9B-B000-27070B907582}"
EndProject
Global
	GlobalSection(SolutionConfigurationPlatforms) = preSolution
		Debug|Any CPU = Debug|Any CPU
		Release|Any CPU = Release|Any CPU
	EndGlobalSection
	GlobalSection(ProjectConfigurationPlatforms) = postSolution
		{6CF1A28E-745A-46F3-A20D-A2D511EAE031}.Debug|Any CPU.ActiveCfg = Debug|Any CPU
		{6CF1A28E-745A-46F3-A20D-A2D511EAE031}.Debug|Any CPU.Build.0 = Debug|Any CPU
		{6CF1A28E-745A-46F3-A20D-A2D511EAE031}.Release|Any CPU.ActiveCfg = Release|Any CPU
		{6CF1A28E-745A-46F3-A20D-A2D511EAE031}.Release|Any CPU.Build.0 = Release|Any CPU
		{95DC8EE0-4275-4144-9B05-6021E713197F}.Debug|Any CPU.ActiveCfg = Debug|Any CPU
		{95DC8EE0-4275-4144-9B05-6021E713197F}.Debug|Any CPU.Build.0 = Debug|Any CPU
		{95DC8EE0-4275-4144-9B05-6021E713197F}.Release|Any CPU.ActiveCfg = Release|Any CPU
		{95DC8EE0-4275-4144-9B05-6021E713197F}.Release|Any CPU.Build.0 = Release|Any CPU
		{D08460EE-B2EC-4E1E-8B95-FD1473A64265}.Debug|Any CPU.ActiveCfg = Debug|Any CPU
		{D08460EE-B2EC-4E1E-8B95-FD1473A64265}.Debug|Any CPU.Build.0 = Debug|Any CPU
		{D08460EE-B2EC-4E1E-8B95-FD1473A64265}.Release|Any CPU.ActiveCfg = Release|Any CPU
		{D08460EE-B2EC-4E1E-8B95-FD1473A64265}.Release|Any CPU.Build.0 = Release|Any CPU
		{08EF0DD1-020E-419A-8F9C-3C959A3C1631}.Debug|Any CPU.ActiveCfg = Debug|Any CPU
		{08EF0DD1-020E-419A-8F9C-3C959A3C1631}.Debug|Any CPU.Build.0 = Debug|Any CPU
		{08EF0DD1-020E-419A-8F9C-3C959A3C1631}.Release|Any CPU.ActiveCfg = Release|Any CPU
		{08EF0DD1-020E-419A-8F9C-3C959A3C1631}.Release|Any CPU.Build.0 = Release|Any CPU
		{0BD0DD70-9316-424C-9278-6E55B0BD1EFA}.Debug|Any CPU.ActiveCfg = Debug|Any CPU
		{0BD0DD70-9316-424C-9278-6E55B0BD1EFA}.Debug|Any CPU.Build.0 = Debug|Any CPU
		{0BD0DD70-9316-424C-9278-6E55B0BD1EFA}.Release|Any CPU.ActiveCfg = Release|Any CPU
		{0BD0DD70-9316-424C-9278-6E55B0BD1EFA}.Release|Any CPU.Build.0 = Release|Any CPU
		{1AF747D9-A771-4B31-ADC4-87ED014BAA7A}.Debug|Any CPU.ActiveCfg = Debug|Any CPU
		{1AF747D9-A771-4B31-ADC4-87ED014BAA7A}.Debug|Any CPU.Build.0 = Debug|Any CPU
		{1AF747D9-A771-4B31-ADC4-87ED014BAA7A}.Release|Any CPU.ActiveCfg = Release|Any CPU
		{1AF747D9-A771-4B31-ADC4-87ED014BAA7A}.Release|Any CPU.Build.0 = Release|Any CPU
		{AE1E2E2D-E4B0-4964-95F9-578A3091FA77}.Debug|Any CPU.ActiveCfg = Debug|Any CPU
		{AE1E2E2D-E4B0-4964-95F9-578A3091FA77}.Debug|Any CPU.Build.0 = Debug|Any CPU
		{AE1E2E2D-E4B0-4964-95F9-578A3091FA77}.Release|Any CPU.ActiveCfg = Release|Any CPU
		{AE1E2E2D-E4B0-4964-95F9-578A3091FA77}.Release|Any CPU.Build.0 = Release|Any CPU
		{AB635AD2-3E17-4F4C-9A13-6869D0300FED}.Debug|Any CPU.ActiveCfg = Debug|Any CPU
		{AB635AD2-3E17-4F4C-9A13-6869D0300FED}.Debug|Any CPU.Build.0 = Debug|Any CPU
		{AB635AD2-3E17-4F4C-9A13-6869D0300FED}.Release|Any CPU.ActiveCfg = Release|Any CPU
		{AB635AD2-3E17-4F4C-9A13-6869D0300FED}.Release|Any CPU.Build.0 = Release|Any CPU
		{F3AB6804-37C1-4618-B337-2C3BDB404846}.Debug|Any CPU.ActiveCfg = Debug|Any CPU
		{F3AB6804-37C1-4618-B337-2C3BDB404846}.Debug|Any CPU.Build.0 = Debug|Any CPU
		{F3AB6804-37C1-4618-B337-2C3BDB404846}.Release|Any CPU.ActiveCfg = Release|Any CPU
		{F3AB6804-37C1-4618-B337-2C3BDB404846}.Release|Any CPU.Build.0 = Release|Any CPU
		{D4C90895-3FCB-4C29-A2AC-40CE26C6DAD2}.Debug|Any CPU.ActiveCfg = Debug|Any CPU
		{D4C90895-3FCB-4C29-A2AC-40CE26C6DAD2}.Debug|Any CPU.Build.0 = Debug|Any CPU
		{D4C90895-3FCB-4C29-A2AC-40CE26C6DAD2}.Release|Any CPU.ActiveCfg = Release|Any CPU
		{D4C90895-3FCB-4C29-A2AC-40CE26C6DAD2}.Release|Any CPU.Build.0 = Release|Any CPU
		{524BFF2B-5953-4A9A-9822-8F295DE9786A}.Debug|Any CPU.ActiveCfg = Debug|Any CPU
		{524BFF2B-5953-4A9A-9822-8F295DE9786A}.Debug|Any CPU.Build.0 = Debug|Any CPU
		{524BFF2B-5953-4A9A-9822-8F295DE9786A}.Release|Any CPU.ActiveCfg = Release|Any CPU
		{524BFF2B-5953-4A9A-9822-8F295DE9786A}.Release|Any CPU.Build.0 = Release|Any CPU
		{0644569B-BA46-48B3-99BF-B2E6BB2E83E3}.Debug|Any CPU.ActiveCfg = Debug|Any CPU
		{0644569B-BA46-48B3-99BF-B2E6BB2E83E3}.Debug|Any CPU.Build.0 = Debug|Any CPU
		{0644569B-BA46-48B3-99BF-B2E6BB2E83E3}.Release|Any CPU.ActiveCfg = Release|Any CPU
		{0644569B-BA46-48B3-99BF-B2E6BB2E83E3}.Release|Any CPU.Build.0 = Release|Any CPU
		{6BB0908F-6475-4D9B-B000-27070B907582}.Debug|Any CPU.ActiveCfg = Debug|Any CPU
		{6BB0908F-6475-4D9B-B000-27070B907582}.Debug|Any CPU.Build.0 = Debug|Any CPU
		{6BB0908F-6475-4D9B-B000-27070B907582}.Release|Any CPU.ActiveCfg = Release|Any CPU
		{6BB0908F-6475-4D9B-B000-27070B907582}.Release|Any CPU.Build.0 = Release|Any CPU
	EndGlobalSection
	GlobalSection(SolutionProperties) = preSolution
		HideSolutionNode = FALSE
	EndGlobalSection
	GlobalSection(NestedProjects) = preSolution
		{1AF747D9-A771-4B31-ADC4-87ED014BAA7A} = {71D308C3-72F1-4FFF-AB69-718689A4B2AC}
		{AE1E2E2D-E4B0-4964-95F9-578A3091FA77} = {71D308C3-72F1-4FFF-AB69-718689A4B2AC}
		{AB635AD2-3E17-4F4C-9A13-6869D0300FED} = {71D308C3-72F1-4FFF-AB69-718689A4B2AC}
		{F3AB6804-37C1-4618-B337-2C3BDB404846} = {71D308C3-72F1-4FFF-AB69-718689A4B2AC}
		{D4C90895-3FCB-4C29-A2AC-40CE26C6DAD2} = {71D308C3-72F1-4FFF-AB69-718689A4B2AC}
		{524BFF2B-5953-4A9A-9822-8F295DE9786A} = {71D308C3-72F1-4FFF-AB69-718689A4B2AC}
		{0644569B-BA46-48B3-99BF-B2E6BB2E83E3} = {71D308C3-72F1-4FFF-AB69-718689A4B2AC}
	EndGlobalSection
EndGlobal
